// !$*UTF8*$!
{
	archiveVersion = 1;
	classes = {
	};
	objectVersion = 56;
	objects = {

/* Begin PBXBuildFile section */
		BD095F582C284C8600725149 /* AppDelegate.swift in Sources */ = {isa = PBXBuildFile; fileRef = BD095F572C284C8600725149 /* AppDelegate.swift */; };
		BD095F5A2C284C8600725149 /* SceneDelegate.swift in Sources */ = {isa = PBXBuildFile; fileRef = BD095F592C284C8600725149 /* SceneDelegate.swift */; };
		BD095F5C2C284C8600725149 /* ConversationsViewController.swift in Sources */ = {isa = PBXBuildFile; fileRef = BD095F5B2C284C8600725149 /* ConversationsViewController.swift */; };
		BD095F5F2C284C8600725149 /* Main.storyboard in Resources */ = {isa = PBXBuildFile; fileRef = BD095F5D2C284C8600725149 /* Main.storyboard */; };
		BD095F612C284C8700725149 /* Assets.xcassets in Resources */ = {isa = PBXBuildFile; fileRef = BD095F602C284C8700725149 /* Assets.xcassets */; };
		BD095F642C284C8700725149 /* LaunchScreen.storyboard in Resources */ = {isa = PBXBuildFile; fileRef = BD095F622C284C8700725149 /* LaunchScreen.storyboard */; };
		BD095F722C29639C00725149 /* LoginViewController.swift in Sources */ = {isa = PBXBuildFile; fileRef = BD095F712C29639C00725149 /* LoginViewController.swift */; };
		BD095F742C2963BD00725149 /* RegisterViewController.swift in Sources */ = {isa = PBXBuildFile; fileRef = BD095F732C2963BD00725149 /* RegisterViewController.swift */; };
		BD095F762C2963D500725149 /* PhotoViewerViewController.swift in Sources */ = {isa = PBXBuildFile; fileRef = BD095F752C2963D500725149 /* PhotoViewerViewController.swift */; };
		BD095F782C2963E400725149 /* VideoPlayerViewController.swift in Sources */ = {isa = PBXBuildFile; fileRef = BD095F772C2963E400725149 /* VideoPlayerViewController.swift */; };
		BD095F7A2C29642500725149 /* NewConversationViewController.swift in Sources */ = {isa = PBXBuildFile; fileRef = BD095F792C29642500725149 /* NewConversationViewController.swift */; };
		BD095F7C2C29643A00725149 /* ProfileViewController.swift in Sources */ = {isa = PBXBuildFile; fileRef = BD095F7B2C29643A00725149 /* ProfileViewController.swift */; };
		BD095F7F2C2AA93A00725149 /* Extensions.swift in Sources */ = {isa = PBXBuildFile; fileRef = BD095F7E2C2AA93A00725149 /* Extensions.swift */; };
/* End PBXBuildFile section */

/* Begin PBXFileReference section */
		BD095F542C284C8600725149 /* CLMessenger.app */ = {isa = PBXFileReference; explicitFileType = wrapper.application; includeInIndex = 0; path = CLMessenger.app; sourceTree = BUILT_PRODUCTS_DIR; };
		BD095F572C284C8600725149 /* AppDelegate.swift */ = {isa = PBXFileReference; lastKnownFileType = sourcecode.swift; path = AppDelegate.swift; sourceTree = "<group>"; };
		BD095F592C284C8600725149 /* SceneDelegate.swift */ = {isa = PBXFileReference; lastKnownFileType = sourcecode.swift; path = SceneDelegate.swift; sourceTree = "<group>"; };
		BD095F5B2C284C8600725149 /* ConversationsViewController.swift */ = {isa = PBXFileReference; lastKnownFileType = sourcecode.swift; path = ConversationsViewController.swift; sourceTree = "<group>"; };
		BD095F5E2C284C8600725149 /* Base */ = {isa = PBXFileReference; lastKnownFileType = file.storyboard; name = Base; path = Base.lproj/Main.storyboard; sourceTree = "<group>"; };
		BD095F602C284C8700725149 /* Assets.xcassets */ = {isa = PBXFileReference; lastKnownFileType = folder.assetcatalog; path = Assets.xcassets; sourceTree = "<group>"; };
		BD095F632C284C8700725149 /* Base */ = {isa = PBXFileReference; lastKnownFileType = file.storyboard; name = Base; path = Base.lproj/LaunchScreen.storyboard; sourceTree = "<group>"; };
		BD095F652C284C8700725149 /* Info.plist */ = {isa = PBXFileReference; lastKnownFileType = text.plist.xml; path = Info.plist; sourceTree = "<group>"; };
		BD095F712C29639C00725149 /* LoginViewController.swift */ = {isa = PBXFileReference; lastKnownFileType = sourcecode.swift; path = LoginViewController.swift; sourceTree = "<group>"; };
		BD095F732C2963BD00725149 /* RegisterViewController.swift */ = {isa = PBXFileReference; lastKnownFileType = sourcecode.swift; path = RegisterViewController.swift; sourceTree = "<group>"; };
		BD095F752C2963D500725149 /* PhotoViewerViewController.swift */ = {isa = PBXFileReference; lastKnownFileType = sourcecode.swift; path = PhotoViewerViewController.swift; sourceTree = "<group>"; };
		BD095F772C2963E400725149 /* VideoPlayerViewController.swift */ = {isa = PBXFileReference; lastKnownFileType = sourcecode.swift; path = VideoPlayerViewController.swift; sourceTree = "<group>"; };
		BD095F792C29642500725149 /* NewConversationViewController.swift */ = {isa = PBXFileReference; lastKnownFileType = sourcecode.swift; path = NewConversationViewController.swift; sourceTree = "<group>"; };
		BD095F7B2C29643A00725149 /* ProfileViewController.swift */ = {isa = PBXFileReference; lastKnownFileType = sourcecode.swift; path = ProfileViewController.swift; sourceTree = "<group>"; };
		BD095F7E2C2AA93A00725149 /* Extensions.swift */ = {isa = PBXFileReference; lastKnownFileType = sourcecode.swift; path = Extensions.swift; sourceTree = "<group>"; };
/* End PBXFileReference section */

/* Begin PBXFrameworksBuildPhase section */
		BD095F512C284C8600725149 /* Frameworks */ = {
			isa = PBXFrameworksBuildPhase;
			buildActionMask = 2147483647;
			files = (
			);
			runOnlyForDeploymentPostprocessing = 0;
		};
/* End PBXFrameworksBuildPhase section */

/* Begin PBXGroup section */
		BD095F4B2C284C8600725149 = {
			isa = PBXGroup;
			children = (
				BD095F562C284C8600725149 /* CLMessenger */,
				BD095F552C284C8600725149 /* Products */,
			);
			sourceTree = "<group>";
		};
		BD095F552C284C8600725149 /* Products */ = {
			isa = PBXGroup;
			children = (
				BD095F542C284C8600725149 /* CLMessenger.app */,
			);
			name = Products;
			sourceTree = "<group>";
		};
		BD095F562C284C8600725149 /* CLMessenger */ = {
			isa = PBXGroup;
			children = (
				BD095F6F2C292EC000725149 /* Resources */,
				BD095F6E2C292EB900725149 /* ViewModels */,
				BD095F6D2C292EB100725149 /* Models */,
				BD095F6C2C292EAC00725149 /* Views */,
				BD095F6B2C292EA300725149 /* Controllers */,
				BD095F652C284C8700725149 /* Info.plist */,
			);
			path = CLMessenger;
			sourceTree = "<group>";
		};
		BD095F6B2C292EA300725149 /* Controllers */ = {
			isa = PBXGroup;
			children = (
				BD095F5B2C284C8600725149 /* ConversationsViewController.swift */,
				BD095F7D2C2A654E00725149 /* Login */,
				BD095F752C2963D500725149 /* PhotoViewerViewController.swift */,
				BD095F772C2963E400725149 /* VideoPlayerViewController.swift */,
				BD095F792C29642500725149 /* NewConversationViewController.swift */,
				BD095F7B2C29643A00725149 /* ProfileViewController.swift */,
			);
			path = Controllers;
			sourceTree = "<group>";
		};
		BD095F6C2C292EAC00725149 /* Views */ = {
			isa = PBXGroup;
			children = (
				BD095F702C2930A300725149 /* Storyboards */,
				BD095F602C284C8700725149 /* Assets.xcassets */,
			);
			path = Views;
			sourceTree = "<group>";
		};
		BD095F6D2C292EB100725149 /* Models */ = {
			isa = PBXGroup;
			children = (
			);
			path = Models;
			sourceTree = "<group>";
		};
		BD095F6E2C292EB900725149 /* ViewModels */ = {
			isa = PBXGroup;
			children = (
			);
			path = ViewModels;
			sourceTree = "<group>";
		};
		BD095F6F2C292EC000725149 /* Resources */ = {
			isa = PBXGroup;
			children = (
				BD095F572C284C8600725149 /* AppDelegate.swift */,
				BD095F592C284C8600725149 /* SceneDelegate.swift */,
				BD095F7E2C2AA93A00725149 /* Extensions.swift */,
			);
			path = Resources;
			sourceTree = "<group>";
		};
		BD095F702C2930A300725149 /* Storyboards */ = {
			isa = PBXGroup;
			children = (
				BD095F5D2C284C8600725149 /* Main.storyboard */,
				BD095F622C284C8700725149 /* LaunchScreen.storyboard */,
			);
			path = Storyboards;
			sourceTree = "<group>";
		};
		BD095F7D2C2A654E00725149 /* Login */ = {
			isa = PBXGroup;
			children = (
				BD095F712C29639C00725149 /* LoginViewController.swift */,
				BD095F732C2963BD00725149 /* RegisterViewController.swift */,
			);
			path = Login;
			sourceTree = "<group>";
		};
/* End PBXGroup section */

/* Begin PBXNativeTarget section */
		BD095F532C284C8600725149 /* CLMessenger */ = {
			isa = PBXNativeTarget;
			buildConfigurationList = BD095F682C284C8700725149 /* Build configuration list for PBXNativeTarget "CLMessenger" */;
			buildPhases = (
				BD095F502C284C8600725149 /* Sources */,
				BD095F512C284C8600725149 /* Frameworks */,
				BD095F522C284C8600725149 /* Resources */,
			);
			buildRules = (
			);
			dependencies = (
			);
			name = CLMessenger;
			productName = CLMessenger;
			productReference = BD095F542C284C8600725149 /* CLMessenger.app */;
			productType = "com.apple.product-type.application";
		};
/* End PBXNativeTarget section */

/* Begin PBXProject section */
		BD095F4C2C284C8600725149 /* Project object */ = {
			isa = PBXProject;
			attributes = {
				BuildIndependentTargetsInParallel = 1;
				LastSwiftUpdateCheck = 1510;
				LastUpgradeCheck = 1510;
				TargetAttributes = {
					BD095F532C284C8600725149 = {
						CreatedOnToolsVersion = 15.1;
					};
				};
			};
			buildConfigurationList = BD095F4F2C284C8600725149 /* Build configuration list for PBXProject "CLMessenger" */;
			compatibilityVersion = "Xcode 14.0";
			developmentRegion = en;
			hasScannedForEncodings = 0;
			knownRegions = (
				en,
				Base,
			);
			mainGroup = BD095F4B2C284C8600725149;
			productRefGroup = BD095F552C284C8600725149 /* Products */;
			projectDirPath = "";
			projectRoot = "";
			targets = (
				BD095F532C284C8600725149 /* CLMessenger */,
			);
		};
/* End PBXProject section */

/* Begin PBXResourcesBuildPhase section */
		BD095F522C284C8600725149 /* Resources */ = {
			isa = PBXResourcesBuildPhase;
			buildActionMask = 2147483647;
			files = (
				BD095F642C284C8700725149 /* LaunchScreen.storyboard in Resources */,
				BD095F612C284C8700725149 /* Assets.xcassets in Resources */,
				BD095F5F2C284C8600725149 /* Main.storyboard in Resources */,
			);
			runOnlyForDeploymentPostprocessing = 0;
		};
/* End PBXResourcesBuildPhase section */

/* Begin PBXSourcesBuildPhase section */
		BD095F502C284C8600725149 /* Sources */ = {
			isa = PBXSourcesBuildPhase;
			buildActionMask = 2147483647;
			files = (
				BD095F722C29639C00725149 /* LoginViewController.swift in Sources */,
				BD095F742C2963BD00725149 /* RegisterViewController.swift in Sources */,
				BD095F7A2C29642500725149 /* NewConversationViewController.swift in Sources */,
				BD095F5C2C284C8600725149 /* ConversationsViewController.swift in Sources */,
				BD095F782C2963E400725149 /* VideoPlayerViewController.swift in Sources */,
				BD095F7F2C2AA93A00725149 /* Extensions.swift in Sources */,
				BD095F582C284C8600725149 /* AppDelegate.swift in Sources */,
				BD095F7C2C29643A00725149 /* ProfileViewController.swift in Sources */,
				BD095F5A2C284C8600725149 /* SceneDelegate.swift in Sources */,
				BD095F762C2963D500725149 /* PhotoViewerViewController.swift in Sources */,
			);
			runOnlyForDeploymentPostprocessing = 0;
		};
/* End PBXSourcesBuildPhase section */

/* Begin PBXVariantGroup section */
		BD095F5D2C284C8600725149 /* Main.storyboard */ = {
			isa = PBXVariantGroup;
			children = (
				BD095F5E2C284C8600725149 /* Base */,
			);
			name = Main.storyboard;
			sourceTree = "<group>";
		};
		BD095F622C284C8700725149 /* LaunchScreen.storyboard */ = {
			isa = PBXVariantGroup;
			children = (
				BD095F632C284C8700725149 /* Base */,
			);
			name = LaunchScreen.storyboard;
			sourceTree = "<group>";
		};
/* End PBXVariantGroup section */

/* Begin XCBuildConfiguration section */
		BD095F662C284C8700725149 /* Debug */ = {
			isa = XCBuildConfiguration;
			buildSettings = {
				ALWAYS_SEARCH_USER_PATHS = NO;
				ASSETCATALOG_COMPILER_GENERATE_SWIFT_ASSET_SYMBOL_EXTENSIONS = YES;
				CLANG_ANALYZER_NONNULL = YES;
				CLANG_ANALYZER_NUMBER_OBJECT_CONVERSION = YES_AGGRESSIVE;
				CLANG_CXX_LANGUAGE_STANDARD = "gnu++20";
				CLANG_ENABLE_MODULES = YES;
				CLANG_ENABLE_OBJC_ARC = YES;
				CLANG_ENABLE_OBJC_WEAK = YES;
				CLANG_WARN_BLOCK_CAPTURE_AUTORELEASING = YES;
				CLANG_WARN_BOOL_CONVERSION = YES;
				CLANG_WARN_COMMA = YES;
				CLANG_WARN_CONSTANT_CONVERSION = YES;
				CLANG_WARN_DEPRECATED_OBJC_IMPLEMENTATIONS = YES;
				CLANG_WARN_DIRECT_OBJC_ISA_USAGE = YES_ERROR;
				CLANG_WARN_DOCUMENTATION_COMMENTS = YES;
				CLANG_WARN_EMPTY_BODY = YES;
				CLANG_WARN_ENUM_CONVERSION = YES;
				CLANG_WARN_INFINITE_RECURSION = YES;
				CLANG_WARN_INT_CONVERSION = YES;
				CLANG_WARN_NON_LITERAL_NULL_CONVERSION = YES;
				CLANG_WARN_OBJC_IMPLICIT_RETAIN_SELF = YES;
				CLANG_WARN_OBJC_LITERAL_CONVERSION = YES;
				CLANG_WARN_OBJC_ROOT_CLASS = YES_ERROR;
				CLANG_WARN_QUOTED_INCLUDE_IN_FRAMEWORK_HEADER = YES;
				CLANG_WARN_RANGE_LOOP_ANALYSIS = YES;
				CLANG_WARN_STRICT_PROTOTYPES = YES;
				CLANG_WARN_SUSPICIOUS_MOVE = YES;
				CLANG_WARN_UNGUARDED_AVAILABILITY = YES_AGGRESSIVE;
				CLANG_WARN_UNREACHABLE_CODE = YES;
				CLANG_WARN__DUPLICATE_METHOD_MATCH = YES;
				COPY_PHASE_STRIP = NO;
				DEBUG_INFORMATION_FORMAT = dwarf;
				ENABLE_STRICT_OBJC_MSGSEND = YES;
				ENABLE_TESTABILITY = YES;
				ENABLE_USER_SCRIPT_SANDBOXING = YES;
				GCC_C_LANGUAGE_STANDARD = gnu17;
				GCC_DYNAMIC_NO_PIC = NO;
				GCC_NO_COMMON_BLOCKS = YES;
				GCC_OPTIMIZATION_LEVEL = 0;
				GCC_PREPROCESSOR_DEFINITIONS = (
					"DEBUG=1",
					"$(inherited)",
				);
				GCC_WARN_64_TO_32_BIT_CONVERSION = YES;
				GCC_WARN_ABOUT_RETURN_TYPE = YES_ERROR;
				GCC_WARN_UNDECLARED_SELECTOR = YES;
				GCC_WARN_UNINITIALIZED_AUTOS = YES_AGGRESSIVE;
				GCC_WARN_UNUSED_FUNCTION = YES;
				GCC_WARN_UNUSED_VARIABLE = YES;
				IPHONEOS_DEPLOYMENT_TARGET = 17.2;
				LOCALIZATION_PREFERS_STRING_CATALOGS = YES;
				MTL_ENABLE_DEBUG_INFO = INCLUDE_SOURCE;
				MTL_FAST_MATH = YES;
				ONLY_ACTIVE_ARCH = YES;
				SDKROOT = iphoneos;
				SWIFT_ACTIVE_COMPILATION_CONDITIONS = "DEBUG $(inherited)";
				SWIFT_OPTIMIZATION_LEVEL = "-Onone";
			};
			name = Debug;
		};
		BD095F672C284C8700725149 /* Release */ = {
			isa = XCBuildConfiguration;
			buildSettings = {
				ALWAYS_SEARCH_USER_PATHS = NO;
				ASSETCATALOG_COMPILER_GENERATE_SWIFT_ASSET_SYMBOL_EXTENSIONS = YES;
				CLANG_ANALYZER_NONNULL = YES;
				CLANG_ANALYZER_NUMBER_OBJECT_CONVERSION = YES_AGGRESSIVE;
				CLANG_CXX_LANGUAGE_STANDARD = "gnu++20";
				CLANG_ENABLE_MODULES = YES;
				CLANG_ENABLE_OBJC_ARC = YES;
				CLANG_ENABLE_OBJC_WEAK = YES;
				CLANG_WARN_BLOCK_CAPTURE_AUTORELEASING = YES;
				CLANG_WARN_BOOL_CONVERSION = YES;
				CLANG_WARN_COMMA = YES;
				CLANG_WARN_CONSTANT_CONVERSION = YES;
				CLANG_WARN_DEPRECATED_OBJC_IMPLEMENTATIONS = YES;
				CLANG_WARN_DIRECT_OBJC_ISA_USAGE = YES_ERROR;
				CLANG_WARN_DOCUMENTATION_COMMENTS = YES;
				CLANG_WARN_EMPTY_BODY = YES;
				CLANG_WARN_ENUM_CONVERSION = YES;
				CLANG_WARN_INFINITE_RECURSION = YES;
				CLANG_WARN_INT_CONVERSION = YES;
				CLANG_WARN_NON_LITERAL_NULL_CONVERSION = YES;
				CLANG_WARN_OBJC_IMPLICIT_RETAIN_SELF = YES;
				CLANG_WARN_OBJC_LITERAL_CONVERSION = YES;
				CLANG_WARN_OBJC_ROOT_CLASS = YES_ERROR;
				CLANG_WARN_QUOTED_INCLUDE_IN_FRAMEWORK_HEADER = YES;
				CLANG_WARN_RANGE_LOOP_ANALYSIS = YES;
				CLANG_WARN_STRICT_PROTOTYPES = YES;
				CLANG_WARN_SUSPICIOUS_MOVE = YES;
				CLANG_WARN_UNGUARDED_AVAILABILITY = YES_AGGRESSIVE;
				CLANG_WARN_UNREACHABLE_CODE = YES;
				CLANG_WARN__DUPLICATE_METHOD_MATCH = YES;
				COPY_PHASE_STRIP = NO;
				DEBUG_INFORMATION_FORMAT = "dwarf-with-dsym";
				ENABLE_NS_ASSERTIONS = NO;
				ENABLE_STRICT_OBJC_MSGSEND = YES;
				ENABLE_USER_SCRIPT_SANDBOXING = YES;
				GCC_C_LANGUAGE_STANDARD = gnu17;
				GCC_NO_COMMON_BLOCKS = YES;
				GCC_WARN_64_TO_32_BIT_CONVERSION = YES;
				GCC_WARN_ABOUT_RETURN_TYPE = YES_ERROR;
				GCC_WARN_UNDECLARED_SELECTOR = YES;
				GCC_WARN_UNINITIALIZED_AUTOS = YES_AGGRESSIVE;
				GCC_WARN_UNUSED_FUNCTION = YES;
				GCC_WARN_UNUSED_VARIABLE = YES;
				IPHONEOS_DEPLOYMENT_TARGET = 17.2;
				LOCALIZATION_PREFERS_STRING_CATALOGS = YES;
				MTL_ENABLE_DEBUG_INFO = NO;
				MTL_FAST_MATH = YES;
				SDKROOT = iphoneos;
				SWIFT_COMPILATION_MODE = wholemodule;
				VALIDATE_PRODUCT = YES;
			};
			name = Release;
		};
		BD095F692C284C8700725149 /* Debug */ = {
			isa = XCBuildConfiguration;
			buildSettings = {
				ASSETCATALOG_COMPILER_APPICON_NAME = AppIcon;
				ASSETCATALOG_COMPILER_GLOBAL_ACCENT_COLOR_NAME = AccentColor;
				CODE_SIGN_STYLE = Automatic;
				CURRENT_PROJECT_VERSION = 1;
				DEVELOPMENT_TEAM = LRG9286UQ5;
				GENERATE_INFOPLIST_FILE = YES;
				INFOPLIST_FILE = CLMessenger/Info.plist;
				INFOPLIST_KEY_UIApplicationSupportsIndirectInputEvents = YES;
				INFOPLIST_KEY_UILaunchStoryboardName = LaunchScreen.storyboard;
				INFOPLIST_KEY_UIMainStoryboardFile = Main;
				INFOPLIST_KEY_UISupportedInterfaceOrientations = UIInterfaceOrientationPortrait;
				IPHONEOS_DEPLOYMENT_TARGET = 16.0;
				LD_RUNPATH_SEARCH_PATHS = (
					"$(inherited)",
					"@executable_path/Frameworks",
				);
				MARKETING_VERSION = 1.0;
				PRODUCT_BUNDLE_IDENTIFIER = io.chenglu.CLMessenger;
				PRODUCT_NAME = "$(TARGET_NAME)";
				SWIFT_EMIT_LOC_STRINGS = YES;
				SWIFT_VERSION = 5.0;
				TARGETED_DEVICE_FAMILY = "1,2";
			};
			name = Debug;
		};
		BD095F6A2C284C8700725149 /* Release */ = {
			isa = XCBuildConfiguration;
			buildSettings = {
				ASSETCATALOG_COMPILER_APPICON_NAME = AppIcon;
				ASSETCATALOG_COMPILER_GLOBAL_ACCENT_COLOR_NAME = AccentColor;
				CODE_SIGN_STYLE = Automatic;
				CURRENT_PROJECT_VERSION = 1;
				DEVELOPMENT_TEAM = LRG9286UQ5;
				GENERATE_INFOPLIST_FILE = YES;
				INFOPLIST_FILE = CLMessenger/Info.plist;
				INFOPLIST_KEY_UIApplicationSupportsIndirectInputEvents = YES;
				INFOPLIST_KEY_UILaunchStoryboardName = LaunchScreen.storyboard;
				INFOPLIST_KEY_UIMainStoryboardFile = Main;
				INFOPLIST_KEY_UISupportedInterfaceOrientations = UIInterfaceOrientationPortrait;
				IPHONEOS_DEPLOYMENT_TARGET = 16.0;
				LD_RUNPATH_SEARCH_PATHS = (
					"$(inherited)",
					"@executable_path/Frameworks",
				);
				MARKETING_VERSION = 1.0;
				PRODUCT_BUNDLE_IDENTIFIER = io.chenglu.CLMessenger;
				PRODUCT_NAME = "$(TARGET_NAME)";
				SWIFT_EMIT_LOC_STRINGS = YES;
				SWIFT_VERSION = 5.0;
				TARGETED_DEVICE_FAMILY = "1,2";
			};
			name = Release;
		};
/* End XCBuildConfiguration section */

/* Begin XCConfigurationList section */
		BD095F4F2C284C8600725149 /* Build configuration list for PBXProject "CLMessenger" */ = {
			isa = XCConfigurationList;
			buildConfigurations = (
				BD095F662C284C8700725149 /* Debug */,
				BD095F672C284C8700725149 /* Release */,
			);
			defaultConfigurationIsVisible = 0;
			defaultConfigurationName = Release;
		};
		BD095F682C284C8700725149 /* Build configuration list for PBXNativeTarget "CLMessenger" */ = {
			isa = XCConfigurationList;
			buildConfigurations = (
				BD095F692C284C8700725149 /* Debug */,
				BD095F6A2C284C8700725149 /* Release */,
			);
			defaultConfigurationIsVisible = 0;
			defaultConfigurationName = Release;
		};
/* End XCConfigurationList section */
	};
	rootObject = BD095F4C2C284C8600725149 /* Project object */;
}
